{
  "name": "server",
  "version": "1.0.0",
  "lockfileVersion": 1,
  "requires": true,
  "dependencies": {
    "nodejs-websocket": {
      "version": "1.7.2",
      "resolved": "http://artifactory.cobalt.com:80/artifactory/api/npm/npm-repo/nodejs-websocket/-/nodejs-websocket-1.7.2.tgz",
      "integrity": "sha1-lKvR4kj1fU0cZj3sODEBXG2tmKY="
    }
  }
}
